// !$*UTF8*$!
{
	archiveVersion = 1;
	classes = {
	};
	objectVersion = 46;
	objects = {

/* Begin PBXBuildFile section */
		0FB5ED6250E035565119721A /* Pods_BranchBlogBasicTests.framework in Frameworks */ = {isa = PBXBuildFile; fileRef = B5AB7D0B11B431622AA53089 /* Pods_BranchBlogBasicTests.framework */; };
		9800F62ED4044DCDF22A8C8C /* Pods_BranchBlogBasic.framework in Frameworks */ = {isa = PBXBuildFile; fileRef = F6C4E9F25E2A03C2FCDDC286 /* Pods_BranchBlogBasic.framework */; };
		9A0D8C5C1F57606400C77994 /* BlogCollectionViewCell.swift in Sources */ = {isa = PBXBuildFile; fileRef = 9A0D8C5B1F57606400C77994 /* BlogCollectionViewCell.swift */; };
		9A0D8C5E1F579FF500C77994 /* BlogCollectionViewController.swift in Sources */ = {isa = PBXBuildFile; fileRef = 9A0D8C5D1F579FF500C77994 /* BlogCollectionViewController.swift */; };
		9A0D8C601F57BD7000C77994 /* BlogHeaderCollectionReusableView.swift in Sources */ = {isa = PBXBuildFile; fileRef = 9A0D8C5F1F57BD7000C77994 /* BlogHeaderCollectionReusableView.swift */; };
		9A5C19031F54E1AC002E17A2 /* SplashViewController.swift in Sources */ = {isa = PBXBuildFile; fileRef = 9A5C19021F54E1AC002E17A2 /* SplashViewController.swift */; };
		9A5C19051F5600DD002E17A2 /* NetworkUtils.swift in Sources */ = {isa = PBXBuildFile; fileRef = 9A5C19041F5600DD002E17A2 /* NetworkUtils.swift */; };
		9A6B47DB1F424CC00087948F /* AppDelegate.swift in Sources */ = {isa = PBXBuildFile; fileRef = 9A6B47DA1F424CC00087948F /* AppDelegate.swift */; };
		9A6B47E01F424CC00087948F /* Main.storyboard in Resources */ = {isa = PBXBuildFile; fileRef = 9A6B47DE1F424CC00087948F /* Main.storyboard */; };
		9A6B47E21F424CC00087948F /* Assets.xcassets in Resources */ = {isa = PBXBuildFile; fileRef = 9A6B47E11F424CC00087948F /* Assets.xcassets */; };
		9A6B47E51F424CC00087948F /* LaunchScreen.storyboard in Resources */ = {isa = PBXBuildFile; fileRef = 9A6B47E31F424CC00087948F /* LaunchScreen.storyboard */; };
		9A6B47F01F424CC00087948F /* BranchBlogBasicTests.swift in Sources */ = {isa = PBXBuildFile; fileRef = 9A6B47EF1F424CC00087948F /* BranchBlogBasicTests.swift */; };
		9A6B47FF1F436A870087948F /* BlogData.swift in Sources */ = {isa = PBXBuildFile; fileRef = 9A6B47FE1F436A870087948F /* BlogData.swift */; };
		9A6B48031F43E4EB0087948F /* BlogViewController.swift in Sources */ = {isa = PBXBuildFile; fileRef = 9A6B48021F43E4EB0087948F /* BlogViewController.swift */; };
/* End PBXBuildFile section */

/* Begin PBXContainerItemProxy section */
		9A6B47EC1F424CC00087948F /* PBXContainerItemProxy */ = {
			isa = PBXContainerItemProxy;
			containerPortal = 9A6B47CF1F424CC00087948F /* Project object */;
			proxyType = 1;
			remoteGlobalIDString = 9A6B47D61F424CC00087948F;
			remoteInfo = BranchBlogBasic;
		};
/* End PBXContainerItemProxy section */

/* Begin PBXFileReference section */
		0A0BCF7F1BCB334C293A81EB /* Pods-BranchBlogBasicTests.release.xcconfig */ = {isa = PBXFileReference; includeInIndex = 1; lastKnownFileType = text.xcconfig; name = "Pods-BranchBlogBasicTests.release.xcconfig"; path = "Pods/Target Support Files/Pods-BranchBlogBasicTests/Pods-BranchBlogBasicTests.release.xcconfig"; sourceTree = "<group>"; };
		32ECACD12DFE9EC1EFEB37CD /* Pods-BranchBlogBasic.release.xcconfig */ = {isa = PBXFileReference; includeInIndex = 1; lastKnownFileType = text.xcconfig; name = "Pods-BranchBlogBasic.release.xcconfig"; path = "Pods/Target Support Files/Pods-BranchBlogBasic/Pods-BranchBlogBasic.release.xcconfig"; sourceTree = "<group>"; };
		356D14C91D462CC26EE59DF7 /* Pods-BranchBlogBasicTests.debug.xcconfig */ = {isa = PBXFileReference; includeInIndex = 1; lastKnownFileType = text.xcconfig; name = "Pods-BranchBlogBasicTests.debug.xcconfig"; path = "Pods/Target Support Files/Pods-BranchBlogBasicTests/Pods-BranchBlogBasicTests.debug.xcconfig"; sourceTree = "<group>"; };
		76A6DFFC4BB7DF3F69D2C97C /* Pods-BranchBlogBasic.debug.xcconfig */ = {isa = PBXFileReference; includeInIndex = 1; lastKnownFileType = text.xcconfig; name = "Pods-BranchBlogBasic.debug.xcconfig"; path = "Pods/Target Support Files/Pods-BranchBlogBasic/Pods-BranchBlogBasic.debug.xcconfig"; sourceTree = "<group>"; };
		9A0D8C5B1F57606400C77994 /* BlogCollectionViewCell.swift */ = {isa = PBXFileReference; fileEncoding = 4; lastKnownFileType = sourcecode.swift; path = BlogCollectionViewCell.swift; sourceTree = "<group>"; };
		9A0D8C5D1F579FF500C77994 /* BlogCollectionViewController.swift */ = {isa = PBXFileReference; fileEncoding = 4; lastKnownFileType = sourcecode.swift; path = BlogCollectionViewController.swift; sourceTree = "<group>"; };
		9A0D8C5F1F57BD7000C77994 /* BlogHeaderCollectionReusableView.swift */ = {isa = PBXFileReference; fileEncoding = 4; lastKnownFileType = sourcecode.swift; path = BlogHeaderCollectionReusableView.swift; sourceTree = "<group>"; };
		9A5C19021F54E1AC002E17A2 /* SplashViewController.swift */ = {isa = PBXFileReference; fileEncoding = 4; lastKnownFileType = sourcecode.swift; path = SplashViewController.swift; sourceTree = "<group>"; };
		9A5C19041F5600DD002E17A2 /* NetworkUtils.swift */ = {isa = PBXFileReference; fileEncoding = 4; lastKnownFileType = sourcecode.swift; path = NetworkUtils.swift; sourceTree = "<group>"; };
		9A6B47D71F424CC00087948F /* BranchBlogBasic.app */ = {isa = PBXFileReference; explicitFileType = wrapper.application; includeInIndex = 0; path = BranchBlogBasic.app; sourceTree = BUILT_PRODUCTS_DIR; };
		9A6B47DA1F424CC00087948F /* AppDelegate.swift */ = {isa = PBXFileReference; lastKnownFileType = sourcecode.swift; path = AppDelegate.swift; sourceTree = "<group>"; };
		9A6B47DF1F424CC00087948F /* Base */ = {isa = PBXFileReference; lastKnownFileType = file.storyboard; name = Base; path = Base.lproj/Main.storyboard; sourceTree = "<group>"; };
		9A6B47E11F424CC00087948F /* Assets.xcassets */ = {isa = PBXFileReference; lastKnownFileType = folder.assetcatalog; path = Assets.xcassets; sourceTree = "<group>"; };
		9A6B47E41F424CC00087948F /* Base */ = {isa = PBXFileReference; lastKnownFileType = file.storyboard; name = Base; path = Base.lproj/LaunchScreen.storyboard; sourceTree = "<group>"; };
		9A6B47E61F424CC00087948F /* Info.plist */ = {isa = PBXFileReference; lastKnownFileType = text.plist.xml; path = Info.plist; sourceTree = "<group>"; };
		9A6B47EB1F424CC00087948F /* BranchBlogBasicTests.xctest */ = {isa = PBXFileReference; explicitFileType = wrapper.cfbundle; includeInIndex = 0; path = BranchBlogBasicTests.xctest; sourceTree = BUILT_PRODUCTS_DIR; };
		9A6B47EF1F424CC00087948F /* BranchBlogBasicTests.swift */ = {isa = PBXFileReference; lastKnownFileType = sourcecode.swift; path = BranchBlogBasicTests.swift; sourceTree = "<group>"; };
		9A6B47F11F424CC00087948F /* Info.plist */ = {isa = PBXFileReference; lastKnownFileType = text.plist.xml; path = Info.plist; sourceTree = "<group>"; };
		9A6B47FE1F436A870087948F /* BlogData.swift */ = {isa = PBXFileReference; fileEncoding = 4; lastKnownFileType = sourcecode.swift; path = BlogData.swift; sourceTree = "<group>"; };
		9A6B48021F43E4EB0087948F /* BlogViewController.swift */ = {isa = PBXFileReference; fileEncoding = 4; lastKnownFileType = sourcecode.swift; path = BlogViewController.swift; sourceTree = "<group>"; };
		9A746D621F44B35F00C82974 /* BranchBlogBasic.entitlements */ = {isa = PBXFileReference; lastKnownFileType = text.plist.entitlements; path = BranchBlogBasic.entitlements; sourceTree = "<group>"; };
		9E49BE8EA158CF022654FF89 /* Pods-BranchBlogBasicTests.release.xcconfig */ = {isa = PBXFileReference; includeInIndex = 1; lastKnownFileType = text.xcconfig; name = "Pods-BranchBlogBasicTests.release.xcconfig"; path = "Pods/Target Support Files/Pods-BranchBlogBasicTests/Pods-BranchBlogBasicTests.release.xcconfig"; sourceTree = "<group>"; };
		A97EF2B60E49F7E8DA3EDD81 /* Pods-BranchBlogBasicTests.debug.xcconfig */ = {isa = PBXFileReference; includeInIndex = 1; lastKnownFileType = text.xcconfig; name = "Pods-BranchBlogBasicTests.debug.xcconfig"; path = "Pods/Target Support Files/Pods-BranchBlogBasicTests/Pods-BranchBlogBasicTests.debug.xcconfig"; sourceTree = "<group>"; };
		B5AB7D0B11B431622AA53089 /* Pods_BranchBlogBasicTests.framework */ = {isa = PBXFileReference; explicitFileType = wrapper.framework; includeInIndex = 0; path = Pods_BranchBlogBasicTests.framework; sourceTree = BUILT_PRODUCTS_DIR; };
		CE1D92DF44DF66BF6509BCC8 /* Pods-BranchBlogBasic.debug.xcconfig */ = {isa = PBXFileReference; includeInIndex = 1; lastKnownFileType = text.xcconfig; name = "Pods-BranchBlogBasic.debug.xcconfig"; path = "Pods/Target Support Files/Pods-BranchBlogBasic/Pods-BranchBlogBasic.debug.xcconfig"; sourceTree = "<group>"; };
		D52760FD7F68386B35F82E5A /* Pods-BranchBlogBasic.release.xcconfig */ = {isa = PBXFileReference; includeInIndex = 1; lastKnownFileType = text.xcconfig; name = "Pods-BranchBlogBasic.release.xcconfig"; path = "Pods/Target Support Files/Pods-BranchBlogBasic/Pods-BranchBlogBasic.release.xcconfig"; sourceTree = "<group>"; };
		F6C4E9F25E2A03C2FCDDC286 /* Pods_BranchBlogBasic.framework */ = {isa = PBXFileReference; explicitFileType = wrapper.framework; includeInIndex = 0; path = Pods_BranchBlogBasic.framework; sourceTree = BUILT_PRODUCTS_DIR; };
/* End PBXFileReference section */

/* Begin PBXFrameworksBuildPhase section */
		9A6B47D41F424CC00087948F /* Frameworks */ = {
			isa = PBXFrameworksBuildPhase;
			buildActionMask = 2147483647;
			files = (
				9800F62ED4044DCDF22A8C8C /* Pods_BranchBlogBasic.framework in Frameworks */,
			);
			runOnlyForDeploymentPostprocessing = 0;
		};
		9A6B47E81F424CC00087948F /* Frameworks */ = {
			isa = PBXFrameworksBuildPhase;
			buildActionMask = 2147483647;
			files = (
				0FB5ED6250E035565119721A /* Pods_BranchBlogBasicTests.framework in Frameworks */,
			);
			runOnlyForDeploymentPostprocessing = 0;
		};
/* End PBXFrameworksBuildPhase section */

/* Begin PBXGroup section */
		012530396F7FA9FFC60CD457 /* Pods */ = {
			isa = PBXGroup;
			children = (
				76A6DFFC4BB7DF3F69D2C97C /* Pods-BranchBlogBasic.debug.xcconfig */,
				D52760FD7F68386B35F82E5A /* Pods-BranchBlogBasic.release.xcconfig */,
				A97EF2B60E49F7E8DA3EDD81 /* Pods-BranchBlogBasicTests.debug.xcconfig */,
				9E49BE8EA158CF022654FF89 /* Pods-BranchBlogBasicTests.release.xcconfig */,
			);
			name = Pods;
			sourceTree = "<group>";
		};
		4AAB6161DBEE9103D203FABF /* Pods */ = {
			isa = PBXGroup;
			children = (
				CE1D92DF44DF66BF6509BCC8 /* Pods-BranchBlogBasic.debug.xcconfig */,
				32ECACD12DFE9EC1EFEB37CD /* Pods-BranchBlogBasic.release.xcconfig */,
				356D14C91D462CC26EE59DF7 /* Pods-BranchBlogBasicTests.debug.xcconfig */,
				0A0BCF7F1BCB334C293A81EB /* Pods-BranchBlogBasicTests.release.xcconfig */,
			);
			name = Pods;
			sourceTree = "<group>";
		};
		9A6B47CE1F424CC00087948F = {
			isa = PBXGroup;
			children = (
				9A6B47D91F424CC00087948F /* BranchBlogBasic */,
				9A6B47EE1F424CC00087948F /* BranchBlogBasicTests */,
				9A6B47D81F424CC00087948F /* Products */,
				A68511101CB96A61FC08A287 /* Frameworks */,
				012530396F7FA9FFC60CD457 /* Pods */,
			);
			sourceTree = "<group>";
		};
		9A6B47D81F424CC00087948F /* Products */ = {
			isa = PBXGroup;
			children = (
				9A6B47D71F424CC00087948F /* BranchBlogBasic.app */,
				9A6B47EB1F424CC00087948F /* BranchBlogBasicTests.xctest */,
			);
			name = Products;
			sourceTree = "<group>";
		};
		9A6B47D91F424CC00087948F /* BranchBlogBasic */ = {
			isa = PBXGroup;
			children = (
				9A746D621F44B35F00C82974 /* BranchBlogBasic.entitlements */,
				9A6B47DA1F424CC00087948F /* AppDelegate.swift */,
				9A6B48021F43E4EB0087948F /* BlogViewController.swift */,
				9A6B47DE1F424CC00087948F /* Main.storyboard */,
				9A6B47FE1F436A870087948F /* BlogData.swift */,
				9A6B47E11F424CC00087948F /* Assets.xcassets */,
				9A6B47E31F424CC00087948F /* LaunchScreen.storyboard */,
				9A6B47E61F424CC00087948F /* Info.plist */,
				9A5C19021F54E1AC002E17A2 /* SplashViewController.swift */,
				9A5C19041F5600DD002E17A2 /* NetworkUtils.swift */,
				9A0D8C5B1F57606400C77994 /* BlogCollectionViewCell.swift */,
				9A0D8C5D1F579FF500C77994 /* BlogCollectionViewController.swift */,
				9A0D8C5F1F57BD7000C77994 /* BlogHeaderCollectionReusableView.swift */,
			);
			path = BranchBlogBasic;
			sourceTree = "<group>";
		};
		9A6B47EE1F424CC00087948F /* BranchBlogBasicTests */ = {
			isa = PBXGroup;
			children = (
				9A6B47EF1F424CC00087948F /* BranchBlogBasicTests.swift */,
				9A6B47F11F424CC00087948F /* Info.plist */,
			);
			path = BranchBlogBasicTests;
			sourceTree = "<group>";
		};
		A68511101CB96A61FC08A287 /* Frameworks */ = {
			isa = PBXGroup;
			children = (
				4AAB6161DBEE9103D203FABF /* Pods */,
				F6C4E9F25E2A03C2FCDDC286 /* Pods_BranchBlogBasic.framework */,
				B5AB7D0B11B431622AA53089 /* Pods_BranchBlogBasicTests.framework */,
			);
			name = Frameworks;
			sourceTree = "<group>";
		};
/* End PBXGroup section */

/* Begin PBXNativeTarget section */
		9A6B47D61F424CC00087948F /* BranchBlogBasic */ = {
			isa = PBXNativeTarget;
			buildConfigurationList = 9A6B47F41F424CC00087948F /* Build configuration list for PBXNativeTarget "BranchBlogBasic" */;
			buildPhases = (
				3881F60084F186BF7EB38C5E /* [CP] Check Pods Manifest.lock */,
				9A6B47D31F424CC00087948F /* Sources */,
				9A6B47D41F424CC00087948F /* Frameworks */,
				9A6B47D51F424CC00087948F /* Resources */,
				D183794703D65E12D23D414F /* [CP] Embed Pods Frameworks */,
				ADC72FEBDBBFC21A89450215 /* [CP] Copy Pods Resources */,
			);
			buildRules = (
			);
			dependencies = (
			);
			name = BranchBlogBasic;
			productName = BranchBlogBasic;
			productReference = 9A6B47D71F424CC00087948F /* BranchBlogBasic.app */;
			productType = "com.apple.product-type.application";
		};
		9A6B47EA1F424CC00087948F /* BranchBlogBasicTests */ = {
			isa = PBXNativeTarget;
			buildConfigurationList = 9A6B47F71F424CC00087948F /* Build configuration list for PBXNativeTarget "BranchBlogBasicTests" */;
			buildPhases = (
				C1DE23F7C0DC6C711DEE4084 /* [CP] Check Pods Manifest.lock */,
				9A6B47E71F424CC00087948F /* Sources */,
				9A6B47E81F424CC00087948F /* Frameworks */,
				9A6B47E91F424CC00087948F /* Resources */,
				FCCD75761FDE64E8413F5E95 /* [CP] Embed Pods Frameworks */,
				F4E404D249A539E0D545974D /* [CP] Copy Pods Resources */,
			);
			buildRules = (
			);
			dependencies = (
				9A6B47ED1F424CC00087948F /* PBXTargetDependency */,
			);
			name = BranchBlogBasicTests;
			productName = BranchBlogBasicTests;
			productReference = 9A6B47EB1F424CC00087948F /* BranchBlogBasicTests.xctest */;
			productType = "com.apple.product-type.bundle.unit-test";
		};
/* End PBXNativeTarget section */

/* Begin PBXProject section */
		9A6B47CF1F424CC00087948F /* Project object */ = {
			isa = PBXProject;
			attributes = {
				LastSwiftUpdateCheck = 0830;
				LastUpgradeCheck = 0830;
				ORGANIZATIONNAME = Branch;
				TargetAttributes = {
					9A6B47D61F424CC00087948F = {
						CreatedOnToolsVersion = 8.3.3;
						DevelopmentTeam = R63EM248DP;
						ProvisioningStyle = Automatic;
						SystemCapabilities = {
							com.apple.SafariKeychain = {
								enabled = 1;
							};
						};
					};
					9A6B47EA1F424CC00087948F = {
						CreatedOnToolsVersion = 8.3.3;
						ProvisioningStyle = Automatic;
						TestTargetID = 9A6B47D61F424CC00087948F;
					};
				};
			};
			buildConfigurationList = 9A6B47D21F424CC00087948F /* Build configuration list for PBXProject "BranchBlogBasic" */;
			compatibilityVersion = "Xcode 3.2";
			developmentRegion = English;
			hasScannedForEncodings = 0;
			knownRegions = (
				en,
				Base,
			);
			mainGroup = 9A6B47CE1F424CC00087948F;
			productRefGroup = 9A6B47D81F424CC00087948F /* Products */;
			projectDirPath = "";
			projectRoot = "";
			targets = (
				9A6B47D61F424CC00087948F /* BranchBlogBasic */,
				9A6B47EA1F424CC00087948F /* BranchBlogBasicTests */,
			);
		};
/* End PBXProject section */

/* Begin PBXResourcesBuildPhase section */
		9A6B47D51F424CC00087948F /* Resources */ = {
			isa = PBXResourcesBuildPhase;
			buildActionMask = 2147483647;
			files = (
				9A6B47E51F424CC00087948F /* LaunchScreen.storyboard in Resources */,
				9A6B47E21F424CC00087948F /* Assets.xcassets in Resources */,
				9A6B47E01F424CC00087948F /* Main.storyboard in Resources */,
			);
			runOnlyForDeploymentPostprocessing = 0;
		};
		9A6B47E91F424CC00087948F /* Resources */ = {
			isa = PBXResourcesBuildPhase;
			buildActionMask = 2147483647;
			files = (
			);
			runOnlyForDeploymentPostprocessing = 0;
		};
/* End PBXResourcesBuildPhase section */

/* Begin PBXShellScriptBuildPhase section */
		3881F60084F186BF7EB38C5E /* [CP] Check Pods Manifest.lock */ = {
			isa = PBXShellScriptBuildPhase;
			buildActionMask = 2147483647;
			files = (
			);
			inputPaths = (
				"${PODS_PODFILE_DIR_PATH}/Podfile.lock",
				"${PODS_ROOT}/Manifest.lock",
			);
			name = "[CP] Check Pods Manifest.lock";
			outputPaths = (
				"$(DERIVED_FILE_DIR)/Pods-BranchBlogBasic-checkManifestLockResult.txt",
			);
			runOnlyForDeploymentPostprocessing = 0;
			shellPath = /bin/sh;
			shellScript = "diff \"${PODS_PODFILE_DIR_PATH}/Podfile.lock\" \"${PODS_ROOT}/Manifest.lock\" > /dev/null\nif [ $? != 0 ] ; then\n    # print error to STDERR\n    echo \"error: The sandbox is not in sync with the Podfile.lock. Run 'pod install' or update your CocoaPods installation.\" >&2\n    exit 1\nfi\n# This output is used by Xcode 'outputs' to avoid re-running this script phase.\necho \"SUCCESS\" > \"${SCRIPT_OUTPUT_FILE_0}\"\n";
			showEnvVarsInLog = 0;
		};
		ADC72FEBDBBFC21A89450215 /* [CP] Copy Pods Resources */ = {
			isa = PBXShellScriptBuildPhase;
			buildActionMask = 2147483647;
			files = (
			);
			inputPaths = (
			);
			name = "[CP] Copy Pods Resources";
			outputPaths = (
			);
			runOnlyForDeploymentPostprocessing = 0;
			shellPath = /bin/sh;
			shellScript = "\"${SRCROOT}/Pods/Target Support Files/Pods-BranchBlogBasic/Pods-BranchBlogBasic-resources.sh\"\n";
			showEnvVarsInLog = 0;
		};
		C1DE23F7C0DC6C711DEE4084 /* [CP] Check Pods Manifest.lock */ = {
			isa = PBXShellScriptBuildPhase;
			buildActionMask = 2147483647;
			files = (
			);
			inputPaths = (
				"${PODS_PODFILE_DIR_PATH}/Podfile.lock",
				"${PODS_ROOT}/Manifest.lock",
			);
			name = "[CP] Check Pods Manifest.lock";
			outputPaths = (
				"$(DERIVED_FILE_DIR)/Pods-BranchBlogBasicTests-checkManifestLockResult.txt",
			);
			runOnlyForDeploymentPostprocessing = 0;
			shellPath = /bin/sh;
			shellScript = "diff \"${PODS_PODFILE_DIR_PATH}/Podfile.lock\" \"${PODS_ROOT}/Manifest.lock\" > /dev/null\nif [ $? != 0 ] ; then\n    # print error to STDERR\n    echo \"error: The sandbox is not in sync with the Podfile.lock. Run 'pod install' or update your CocoaPods installation.\" >&2\n    exit 1\nfi\n# This output is used by Xcode 'outputs' to avoid re-running this script phase.\necho \"SUCCESS\" > \"${SCRIPT_OUTPUT_FILE_0}\"\n";
			showEnvVarsInLog = 0;
		};
		D183794703D65E12D23D414F /* [CP] Embed Pods Frameworks */ = {
			isa = PBXShellScriptBuildPhase;
			buildActionMask = 2147483647;
			files = (
			);
			inputPaths = (
				"${SRCROOT}/Pods/Target Support Files/Pods-BranchBlogBasic/Pods-BranchBlogBasic-frameworks.sh",
				"${BUILT_PRODUCTS_DIR}/Branch/Branch.framework",
			);
			name = "[CP] Embed Pods Frameworks";
			outputPaths = (
				"${TARGET_BUILD_DIR}/${FRAMEWORKS_FOLDER_PATH}/Branch.framework",
			);
			runOnlyForDeploymentPostprocessing = 0;
			shellPath = /bin/sh;
			shellScript = "\"${SRCROOT}/Pods/Target Support Files/Pods-BranchBlogBasic/Pods-BranchBlogBasic-frameworks.sh\"\n";
			showEnvVarsInLog = 0;
		};
		F4E404D249A539E0D545974D /* [CP] Copy Pods Resources */ = {
			isa = PBXShellScriptBuildPhase;
			buildActionMask = 2147483647;
			files = (
			);
			inputPaths = (
			);
			name = "[CP] Copy Pods Resources";
			outputPaths = (
			);
			runOnlyForDeploymentPostprocessing = 0;
			shellPath = /bin/sh;
			shellScript = "\"${SRCROOT}/Pods/Target Support Files/Pods-BranchBlogBasicTests/Pods-BranchBlogBasicTests-resources.sh\"\n";
			showEnvVarsInLog = 0;
		};
		FCCD75761FDE64E8413F5E95 /* [CP] Embed Pods Frameworks */ = {
			isa = PBXShellScriptBuildPhase;
			buildActionMask = 2147483647;
			files = (
			);
			inputPaths = (
			);
			name = "[CP] Embed Pods Frameworks";
			outputPaths = (
			);
			runOnlyForDeploymentPostprocessing = 0;
			shellPath = /bin/sh;
			shellScript = "\"${SRCROOT}/Pods/Target Support Files/Pods-BranchBlogBasicTests/Pods-BranchBlogBasicTests-frameworks.sh\"\n";
			showEnvVarsInLog = 0;
		};
/* End PBXShellScriptBuildPhase section */

/* Begin PBXSourcesBuildPhase section */
		9A6B47D31F424CC00087948F /* Sources */ = {
			isa = PBXSourcesBuildPhase;
			buildActionMask = 2147483647;
			files = (
				9A6B47FF1F436A870087948F /* BlogData.swift in Sources */,
				9A6B48031F43E4EB0087948F /* BlogViewController.swift in Sources */,
				9A5C19031F54E1AC002E17A2 /* SplashViewController.swift in Sources */,
				9A0D8C5E1F579FF500C77994 /* BlogCollectionViewController.swift in Sources */,
				9A0D8C5C1F57606400C77994 /* BlogCollectionViewCell.swift in Sources */,
				9A6B47DB1F424CC00087948F /* AppDelegate.swift in Sources */,
				9A0D8C601F57BD7000C77994 /* BlogHeaderCollectionReusableView.swift in Sources */,
				9A5C19051F5600DD002E17A2 /* NetworkUtils.swift in Sources */,
			);
			runOnlyForDeploymentPostprocessing = 0;
		};
		9A6B47E71F424CC00087948F /* Sources */ = {
			isa = PBXSourcesBuildPhase;
			buildActionMask = 2147483647;
			files = (
				9A6B47F01F424CC00087948F /* BranchBlogBasicTests.swift in Sources */,
			);
			runOnlyForDeploymentPostprocessing = 0;
		};
/* End PBXSourcesBuildPhase section */

/* Begin PBXTargetDependency section */
		9A6B47ED1F424CC00087948F /* PBXTargetDependency */ = {
			isa = PBXTargetDependency;
			target = 9A6B47D61F424CC00087948F /* BranchBlogBasic */;
			targetProxy = 9A6B47EC1F424CC00087948F /* PBXContainerItemProxy */;
		};
/* End PBXTargetDependency section */

/* Begin PBXVariantGroup section */
		9A6B47DE1F424CC00087948F /* Main.storyboard */ = {
			isa = PBXVariantGroup;
			children = (
				9A6B47DF1F424CC00087948F /* Base */,
			);
			name = Main.storyboard;
			sourceTree = "<group>";
		};
		9A6B47E31F424CC00087948F /* LaunchScreen.storyboard */ = {
			isa = PBXVariantGroup;
			children = (
				9A6B47E41F424CC00087948F /* Base */,
			);
			name = LaunchScreen.storyboard;
			sourceTree = "<group>";
		};
/* End PBXVariantGroup section */

/* Begin XCBuildConfiguration section */
		9A6B47F21F424CC00087948F /* Debug */ = {
			isa = XCBuildConfiguration;
			buildSettings = {
				ALWAYS_SEARCH_USER_PATHS = NO;
				CLANG_ANALYZER_NONNULL = YES;
				CLANG_ANALYZER_NUMBER_OBJECT_CONVERSION = YES_AGGRESSIVE;
				CLANG_CXX_LANGUAGE_STANDARD = "gnu++0x";
				CLANG_CXX_LIBRARY = "libc++";
				CLANG_ENABLE_MODULES = YES;
				CLANG_ENABLE_OBJC_ARC = YES;
				CLANG_WARN_BOOL_CONVERSION = YES;
				CLANG_WARN_CONSTANT_CONVERSION = YES;
				CLANG_WARN_DIRECT_OBJC_ISA_USAGE = YES_ERROR;
				CLANG_WARN_DOCUMENTATION_COMMENTS = YES;
				CLANG_WARN_EMPTY_BODY = YES;
				CLANG_WARN_ENUM_CONVERSION = YES;
				CLANG_WARN_INFINITE_RECURSION = YES;
				CLANG_WARN_INT_CONVERSION = YES;
				CLANG_WARN_OBJC_ROOT_CLASS = YES_ERROR;
				CLANG_WARN_SUSPICIOUS_MOVE = YES;
				CLANG_WARN_UNREACHABLE_CODE = YES;
				CLANG_WARN__DUPLICATE_METHOD_MATCH = YES;
				"CODE_SIGN_IDENTITY[sdk=iphoneos*]" = "iPhone Developer";
				COPY_PHASE_STRIP = NO;
				DEBUG_INFORMATION_FORMAT = dwarf;
				ENABLE_STRICT_OBJC_MSGSEND = YES;
				ENABLE_TESTABILITY = YES;
				GCC_C_LANGUAGE_STANDARD = gnu99;
				GCC_DYNAMIC_NO_PIC = NO;
				GCC_NO_COMMON_BLOCKS = YES;
				GCC_OPTIMIZATION_LEVEL = 0;
				GCC_PREPROCESSOR_DEFINITIONS = (
					"DEBUG=1",
					"$(inherited)",
				);
				GCC_WARN_64_TO_32_BIT_CONVERSION = YES;
				GCC_WARN_ABOUT_RETURN_TYPE = YES_ERROR;
				GCC_WARN_UNDECLARED_SELECTOR = YES;
				GCC_WARN_UNINITIALIZED_AUTOS = YES_AGGRESSIVE;
				GCC_WARN_UNUSED_FUNCTION = YES;
				GCC_WARN_UNUSED_VARIABLE = YES;
				IPHONEOS_DEPLOYMENT_TARGET = 10.3;
				MTL_ENABLE_DEBUG_INFO = YES;
				ONLY_ACTIVE_ARCH = YES;
				SDKROOT = iphoneos;
				SWIFT_ACTIVE_COMPILATION_CONDITIONS = DEBUG;
				SWIFT_OPTIMIZATION_LEVEL = "-Onone";
				TARGETED_DEVICE_FAMILY = "1,2";
			};
			name = Debug;
		};
		9A6B47F31F424CC00087948F /* Release */ = {
			isa = XCBuildConfiguration;
			buildSettings = {
				ALWAYS_SEARCH_USER_PATHS = NO;
				CLANG_ANALYZER_NONNULL = YES;
				CLANG_ANALYZER_NUMBER_OBJECT_CONVERSION = YES_AGGRESSIVE;
				CLANG_CXX_LANGUAGE_STANDARD = "gnu++0x";
				CLANG_CXX_LIBRARY = "libc++";
				CLANG_ENABLE_MODULES = YES;
				CLANG_ENABLE_OBJC_ARC = YES;
				CLANG_WARN_BOOL_CONVERSION = YES;
				CLANG_WARN_CONSTANT_CONVERSION = YES;
				CLANG_WARN_DIRECT_OBJC_ISA_USAGE = YES_ERROR;
				CLANG_WARN_DOCUMENTATION_COMMENTS = YES;
				CLANG_WARN_EMPTY_BODY = YES;
				CLANG_WARN_ENUM_CONVERSION = YES;
				CLANG_WARN_INFINITE_RECURSION = YES;
				CLANG_WARN_INT_CONVERSION = YES;
				CLANG_WARN_OBJC_ROOT_CLASS = YES_ERROR;
				CLANG_WARN_SUSPICIOUS_MOVE = YES;
				CLANG_WARN_UNREACHABLE_CODE = YES;
				CLANG_WARN__DUPLICATE_METHOD_MATCH = YES;
				"CODE_SIGN_IDENTITY[sdk=iphoneos*]" = "iPhone Developer";
				COPY_PHASE_STRIP = NO;
				DEBUG_INFORMATION_FORMAT = "dwarf-with-dsym";
				ENABLE_NS_ASSERTIONS = NO;
				ENABLE_STRICT_OBJC_MSGSEND = YES;
				GCC_C_LANGUAGE_STANDARD = gnu99;
				GCC_NO_COMMON_BLOCKS = YES;
				GCC_WARN_64_TO_32_BIT_CONVERSION = YES;
				GCC_WARN_ABOUT_RETURN_TYPE = YES_ERROR;
				GCC_WARN_UNDECLARED_SELECTOR = YES;
				GCC_WARN_UNINITIALIZED_AUTOS = YES_AGGRESSIVE;
				GCC_WARN_UNUSED_FUNCTION = YES;
				GCC_WARN_UNUSED_VARIABLE = YES;
				IPHONEOS_DEPLOYMENT_TARGET = 10.3;
				MTL_ENABLE_DEBUG_INFO = NO;
				SDKROOT = iphoneos;
				SWIFT_OPTIMIZATION_LEVEL = "-Owholemodule";
				TARGETED_DEVICE_FAMILY = "1,2";
				VALIDATE_PRODUCT = YES;
			};
			name = Release;
		};
		9A6B47F51F424CC00087948F /* Debug */ = {
			isa = XCBuildConfiguration;
			baseConfigurationReference = CE1D92DF44DF66BF6509BCC8 /* Pods-BranchBlogBasic.debug.xcconfig */;
			buildSettings = {
				ASSETCATALOG_COMPILER_APPICON_NAME = AppIcon;
				CODE_SIGN_ENTITLEMENTS = BranchBlogBasic/BranchBlogBasic.entitlements;
				DEVELOPMENT_TEAM = R63EM248DP;
				INFOPLIST_FILE = BranchBlogBasic/Info.plist;
				IPHONEOS_DEPLOYMENT_TARGET = 9.3;
				LD_RUNPATH_SEARCH_PATHS = "$(inherited) @executable_path/Frameworks";
				PRODUCT_BUNDLE_IDENTIFIER = io.branch.BranchBlogBasic;
				PRODUCT_NAME = "$(TARGET_NAME)";
				SWIFT_VERSION = 3.0;
			};
			name = Debug;
		};
		9A6B47F61F424CC00087948F /* Release */ = {
			isa = XCBuildConfiguration;
			baseConfigurationReference = 32ECACD12DFE9EC1EFEB37CD /* Pods-BranchBlogBasic.release.xcconfig */;
			buildSettings = {
				ASSETCATALOG_COMPILER_APPICON_NAME = AppIcon;
				CODE_SIGN_ENTITLEMENTS = BranchBlogBasic/BranchBlogBasic.entitlements;
				DEVELOPMENT_TEAM = R63EM248DP;
				INFOPLIST_FILE = BranchBlogBasic/Info.plist;
				IPHONEOS_DEPLOYMENT_TARGET = 9.3;
				LD_RUNPATH_SEARCH_PATHS = "$(inherited) @executable_path/Frameworks";
				PRODUCT_BUNDLE_IDENTIFIER = io.branch.BranchBlogBasic;
				PRODUCT_NAME = "$(TARGET_NAME)";
				SWIFT_VERSION = 3.0;
			};
			name = Release;
		};
		9A6B47F81F424CC00087948F /* Debug */ = {
			isa = XCBuildConfiguration;
			baseConfigurationReference = 356D14C91D462CC26EE59DF7 /* Pods-BranchBlogBasicTests.debug.xcconfig */;
			buildSettings = {
				ALWAYS_EMBED_SWIFT_STANDARD_LIBRARIES = YES;
				BUNDLE_LOADER = "$(TEST_HOST)";
				INFOPLIST_FILE = BranchBlogBasicTests/Info.plist;
				LD_RUNPATH_SEARCH_PATHS = "$(inherited) @executable_path/Frameworks @loader_path/Frameworks";
				PRODUCT_BUNDLE_IDENTIFIER = io.branch.BranchBlogBasicTests;
				PRODUCT_NAME = "$(TARGET_NAME)";
				SWIFT_VERSION = 3.0;
				TEST_HOST = "$(BUILT_PRODUCTS_DIR)/BranchBlogBasic.app/BranchBlogBasic";
			};
			name = Debug;
		};
		9A6B47F91F424CC00087948F /* Release */ = {
			isa = XCBuildConfiguration;
			baseConfigurationReference = 0A0BCF7F1BCB334C293A81EB /* Pods-BranchBlogBasicTests.release.xcconfig */;
			buildSettings = {
				ALWAYS_EMBED_SWIFT_STANDARD_LIBRARIES = YES;
				BUNDLE_LOADER = "$(TEST_HOST)";
				INFOPLIST_FILE = BranchBlogBasicTests/Info.plist;
				LD_RUNPATH_SEARCH_PATHS = "$(inherited) @executable_path/Frameworks @loader_path/Frameworks";
				PRODUCT_BUNDLE_IDENTIFIER = io.branch.BranchBlogBasicTests;
				PRODUCT_NAME = "$(TARGET_NAME)";
				SWIFT_VERSION = 3.0;
				TEST_HOST = "$(BUILT_PRODUCTS_DIR)/BranchBlogBasic.app/BranchBlogBasic";
			};
			name = Release;
		};
/* End XCBuildConfiguration section */

/* Begin XCConfigurationList section */
		9A6B47D21F424CC00087948F /* Build configuration list for PBXProject "BranchBlogBasic" */ = {
			isa = XCConfigurationList;
			buildConfigurations = (
				9A6B47F21F424CC00087948F /* Debug */,
				9A6B47F31F424CC00087948F /* Release */,
			);
			defaultConfigurationIsVisible = 0;
			defaultConfigurationName = Release;
		};
		9A6B47F41F424CC00087948F /* Build configuration list for PBXNativeTarget "BranchBlogBasic" */ = {
			isa = XCConfigurationList;
			buildConfigurations = (
				9A6B47F51F424CC00087948F /* Debug */,
				9A6B47F61F424CC00087948F /* Release */,
			);
			defaultConfigurationIsVisible = 0;
			defaultConfigurationName = Release;
		};
		9A6B47F71F424CC00087948F /* Build configuration list for PBXNativeTarget "BranchBlogBasicTests" */ = {
			isa = XCConfigurationList;
			buildConfigurations = (
				9A6B47F81F424CC00087948F /* Debug */,
				9A6B47F91F424CC00087948F /* Release */,
			);
			defaultConfigurationIsVisible = 0;
			defaultConfigurationName = Release;
		};
/* End XCConfigurationList section */
	};
	rootObject = 9A6B47CF1F424CC00087948F /* Project object */;
}
